
Microsoft Visual Studio Solution File, Format Version 12.00
# Visual Studio 15
VisualStudioVersion = 15.0.28010.0
MinimumVisualStudioVersion = 10.0.40219.1
Project("{FAE04EC0-301F-11D3-BF4B-00C04F79EFBC}") = "GoogleNonNativeLogin.Android", "GoogleNonNativeLogin\GoogleNonNativeLogin.Android\GoogleNonNativeLogin.Android.csproj", "{77B65B35-16A0-4377-AFE1-0E6FEB9FC482}"
EndProject
Project("{FAE04EC0-301F-11D3-BF4B-00C04F79EFBC}") = "GoogleNonNativeLogin.iOS", "GoogleNonNativeLogin\GoogleNonNativeLogin.iOS\GoogleNonNativeLogin.iOS.csproj", "{5B98B62D-1398-4D20-AD93-ACE091B92B2C}"
EndProject
Project("{FAE04EC0-301F-11D3-BF4B-00C04F79EFBC}") = "GoogleNonNativeLogin", "GoogleNonNativeLogin\GoogleNonNativeLogin\GoogleNonNativeLogin.csproj", "{F5D24724-9F4D-4A8B-9F19-042122EC8A43}"
EndProject
Global
	GlobalSection(SolutionConfigurationPlatforms) = preSolution
		Ad-Hoc|Any CPU = Ad-Hoc|Any CPU
		Ad-Hoc|iPhone = Ad-Hoc|iPhone
		Ad-Hoc|iPhoneSimulator = Ad-Hoc|iPhoneSimulator
		AppStore|Any CPU = AppStore|Any CPU
		AppStore|iPhone = AppStore|iPhone
		AppStore|iPhoneSimulator = AppStore|iPhoneSimulator
		Debug|Any CPU = Debug|Any CPU
		Debug|iPhone = Debug|iPhone
		Debug|iPhoneSimulator = Debug|iPhoneSimulator
		Release|Any CPU = Release|Any CPU
		Release|iPhone = Release|iPhone
		Release|iPhoneSimulator = Release|iPhoneSimulator
	EndGlobalSection
	GlobalSection(ProjectConfigurationPlatforms) = postSolution
		{77B65B35-16A0-4377-AFE1-0E6FEB9FC482}.Ad-Hoc|Any CPU.ActiveCfg = Release|Any CPU
		{77B65B35-16A0-4377-AFE1-0E6FEB9FC482}.Ad-Hoc|Any CPU.Build.0 = Release|Any CPU
		{77B65B35-16A0-4377-AFE1-0E6FEB9FC482}.Ad-Hoc|Any CPU.Deploy.0 = Release|Any CPU
		{77B65B35-16A0-4377-AFE1-0E6FEB9FC482}.Ad-Hoc|iPhone.ActiveCfg = Release|Any CPU
		{77B65B35-16A0-4377-AFE1-0E6FEB9FC482}.Ad-Hoc|iPhone.Build.0 = Release|Any CPU
		{77B65B35-16A0-4377-AFE1-0E6FEB9FC482}.Ad-Hoc|iPhone.Deploy.0 = Release|Any CPU
		{77B65B35-16A0-4377-AFE1-0E6FEB9FC482}.Ad-Hoc|iPhoneSimulator.ActiveCfg = Release|Any CPU
		{77B65B35-16A0-4377-AFE1-0E6FEB9FC482}.Ad-Hoc|iPhoneSimulator.Build.0 = Release|Any CPU
		{77B65B35-16A0-4377-AFE1-0E6FEB9FC482}.Ad-Hoc|iPhoneSimulator.Deploy.0 = Release|Any CPU
		{77B65B35-16A0-4377-AFE1-0E6FEB9FC482}.AppStore|Any CPU.ActiveCfg = Release|Any CPU
		{77B65B35-16A0-4377-AFE1-0E6FEB9FC482}.AppStore|Any CPU.Build.0 = Release|Any CPU
		{77B65B35-16A0-4377-AFE1-0E6FEB9FC482}.AppStore|Any CPU.Deploy.0 = Release|Any CPU
		{77B65B35-16A0-4377-AFE1-0E6FEB9FC482}.AppStore|iPhone.ActiveCfg = Release|Any CPU
		{77B65B35-16A0-4377-AFE1-0E6FEB9FC482}.AppStore|iPhone.Build.0 = Release|Any CPU
		{77B65B35-16A0-4377-AFE1-0E6FEB9FC482}.AppStore|iPhone.Deploy.0 = Release|Any CPU
		{77B65B35-16A0-4377-AFE1-0E6FEB9FC482}.AppStore|iPhoneSimulator.ActiveCfg = Release|Any CPU
		{77B65B35-16A0-4377-AFE1-0E6FEB9FC482}.AppStore|iPhoneSimulator.Build.0 = Release|Any CPU
		{77B65B35-16A0-4377-AFE1-0E6FEB9FC482}.AppStore|iPhoneSimulator.Deploy.0 = Release|Any CPU
		{77B65B35-16A0-4377-AFE1-0E6FEB9FC482}.Debug|Any CPU.ActiveCfg = Debug|Any CPU
		{77B65B35-16A0-4377-AFE1-0E6FEB9FC482}.Debug|Any CPU.Build.0 = Debug|Any CPU
		{77B65B35-16A0-4377-AFE1-0E6FEB9FC482}.Debug|Any CPU.Deploy.0 = Debug|Any CPU
		{77B65B35-16A0-4377-AFE1-0E6FEB9FC482}.Debug|iPhone.ActiveCfg = Debug|Any CPU
		{77B65B35-16A0-4377-AFE1-0E6FEB9FC482}.Debug|iPhone.Build.0 = Debug|Any CPU
		{77B65B35-16A0-4377-AFE1-0E6FEB9FC482}.Debug|iPhone.Deploy.0 = Debug|Any CPU
		{77B65B35-16A0-4377-AFE1-0E6FEB9FC482}.Debug|iPhoneSimulator.ActiveCfg = Debug|Any CPU
		{77B65B35-16A0-4377-AFE1-0E6FEB9FC482}.Debug|iPhoneSimulator.Build.0 = Debug|Any CPU
		{77B65B35-16A0-4377-AFE1-0E6FEB9FC482}.Debug|iPhoneSimulator.Deploy.0 = Debug|Any CPU
		{77B65B35-16A0-4377-AFE1-0E6FEB9FC482}.Release|Any CPU.ActiveCfg = Release|Any CPU
		{77B65B35-16A0-4377-AFE1-0E6FEB9FC482}.Release|Any CPU.Build.0 = Release|Any CPU
		{77B65B35-16A0-4377-AFE1-0E6FEB9FC482}.Release|Any CPU.Deploy.0 = Release|Any CPU
		{77B65B35-16A0-4377-AFE1-0E6FEB9FC482}.Release|iPhone.ActiveCfg = Release|Any CPU
		{77B65B35-16A0-4377-AFE1-0E6FEB9FC482}.Release|iPhone.Build.0 = Release|Any CPU
		{77B65B35-16A0-4377-AFE1-0E6FEB9FC482}.Release|iPhone.Deploy.0 = Release|Any CPU
		{77B65B35-16A0-4377-AFE1-0E6FEB9FC482}.Release|iPhoneSimulator.ActiveCfg = Release|Any CPU
		{77B65B35-16A0-4377-AFE1-0E6FEB9FC482}.Release|iPhoneSimulator.Build.0 = Release|Any CPU
		{77B65B35-16A0-4377-AFE1-0E6FEB9FC482}.Release|iPhoneSimulator.Deploy.0 = Release|Any CPU
		{5B98B62D-1398-4D20-AD93-ACE091B92B2C}.Ad-Hoc|Any CPU.ActiveCfg = Ad-Hoc|iPhone
		{5B98B62D-1398-4D20-AD93-ACE091B92B2C}.Ad-Hoc|Any CPU.Build.0 = Ad-Hoc|iPhone
		{5B98B62D-1398-4D20-AD93-ACE091B92B2C}.Ad-Hoc|Any CPU.Deploy.0 = Ad-Hoc|iPhone
		{5B98B62D-1398-4D20-AD93-ACE091B92B2C}.Ad-Hoc|iPhone.ActiveCfg = Ad-Hoc|iPhone
		{5B98B62D-1398-4D20-AD93-ACE091B92B2C}.Ad-Hoc|iPhone.Build.0 = Ad-Hoc|iPhone
		{5B98B62D-1398-4D20-AD93-ACE091B92B2C}.Ad-Hoc|iPhone.Deploy.0 = Ad-Hoc|iPhone
		{5B98B62D-1398-4D20-AD93-ACE091B92B2C}.Ad-Hoc|iPhoneSimulator.ActiveCfg = Ad-Hoc|iPhoneSimulator
		{5B98B62D-1398-4D20-AD93-ACE091B92B2C}.Ad-Hoc|iPhoneSimulator.Build.0 = Ad-Hoc|iPhoneSimulator
		{5B98B62D-1398-4D20-AD93-ACE091B92B2C}.Ad-Hoc|iPhoneSimulator.Deploy.0 = Ad-Hoc|iPhoneSimulator
		{5B98B62D-1398-4D20-AD93-ACE091B92B2C}.AppStore|Any CPU.ActiveCfg = AppStore|iPhone
		{5B98B62D-1398-4D20-AD93-ACE091B92B2C}.AppStore|Any CPU.Build.0 = AppStore|iPhone
		{5B98B62D-1398-4D20-AD93-ACE091B92B2C}.AppStore|Any CPU.Deploy.0 = AppStore|iPhone
		{5B98B62D-1398-4D20-AD93-ACE091B92B2C}.AppStore|iPhone.ActiveCfg = AppStore|iPhone
		{5B98B62D-1398-4D20-AD93-ACE091B92B2C}.AppStore|iPhone.Build.0 = AppStore|iPhone
		{5B98B62D-1398-4D20-AD93-ACE091B92B2C}.AppStore|iPhone.Deploy.0 = AppStore|iPhone
		{5B98B62D-1398-4D20-AD93-ACE091B92B2C}.AppStore|iPhoneSimulator.ActiveCfg = AppStore|iPhoneSimulator
		{5B98B62D-1398-4D20-AD93-ACE091B92B2C}.AppStore|iPhoneSimulator.Build.0 = AppStore|iPhoneSimulator
		{5B98B62D-1398-4D20-AD93-ACE091B92B2C}.AppStore|iPhoneSimulator.Deploy.0 = AppStore|iPhoneSimulator
		{5B98B62D-1398-4D20-AD93-ACE091B92B2C}.Debug|Any CPU.ActiveCfg = Debug|iPhoneSimulator
		{5B98B62D-1398-4D20-AD93-ACE091B92B2C}.Debug|Any CPU.Build.0 = Debug|iPhoneSimulator
		{5B98B62D-1398-4D20-AD93-ACE091B92B2C}.Debug|Any CPU.Deploy.0 = Debug|iPhoneSimulator
		{5B98B62D-1398-4D20-AD93-ACE091B92B2C}.Debug|iPhone.ActiveCfg = Debug|iPhone
		{5B98B62D-1398-4D20-AD93-ACE091B92B2C}.Debug|iPhone.Build.0 = Debug|iPhone
		{5B98B62D-1398-4D20-AD93-ACE091B92B2C}.Debug|iPhone.Deploy.0 = Debug|iPhone
		{5B98B62D-1398-4D20-AD93-ACE091B92B2C}.Debug|iPhoneSimulator.ActiveCfg = Debug|iPhoneSimulator
		{5B98B62D-1398-4D20-AD93-ACE091B92B2C}.Debug|iPhoneSimulator.Build.0 = Debug|iPhoneSimulator
		{5B98B62D-1398-4D20-AD93-ACE091B92B2C}.Debug|iPhoneSimulator.Deploy.0 = Debug|iPhoneSimulator
		{5B98B62D-1398-4D20-AD93-ACE091B92B2C}.Release|Any CPU.ActiveCfg = Release|iPhone
		{5B98B62D-1398-4D20-AD93-ACE091B92B2C}.Release|Any CPU.Build.0 = Release|iPhone
		{5B98B62D-1398-4D20-AD93-ACE091B92B2C}.Release|Any CPU.Deploy.0 = Release|iPhone
		{5B98B62D-1398-4D20-AD93-ACE091B92B2C}.Release|iPhone.ActiveCfg = Release|iPhone
		{5B98B62D-1398-4D20-AD93-ACE091B92B2C}.Release|iPhone.Build.0 = Release|iPhone
		{5B98B62D-1398-4D20-AD93-ACE091B92B2C}.Release|iPhone.Deploy.0 = Release|iPhone
		{5B98B62D-1398-4D20-AD93-ACE091B92B2C}.Release|iPhoneSimulator.ActiveCfg = Release|iPhoneSimulator
		{5B98B62D-1398-4D20-AD93-ACE091B92B2C}.Release|iPhoneSimulator.Build.0 = Release|iPhoneSimulator
		{5B98B62D-1398-4D20-AD93-ACE091B92B2C}.Release|iPhoneSimulator.Deploy.0 = Release|iPhoneSimulator
		{F5D24724-9F4D-4A8B-9F19-042122EC8A43}.Ad-Hoc|Any CPU.ActiveCfg = Debug|Any CPU
		{F5D24724-9F4D-4A8B-9F19-042122EC8A43}.Ad-Hoc|Any CPU.Build.0 = Debug|Any CPU
		{F5D24724-9F4D-4A8B-9F19-042122EC8A43}.Ad-Hoc|Any CPU.Deploy.0 = Debug|Any CPU
		{F5D24724-9F4D-4A8B-9F19-042122EC8A43}.Ad-Hoc|iPhone.ActiveCfg = Debug|Any CPU
		{F5D24724-9F4D-4A8B-9F19-042122EC8A43}.Ad-Hoc|iPhone.Build.0 = Debug|Any CPU
		{F5D24724-9F4D-4A8B-9F19-042122EC8A43}.Ad-Hoc|iPhone.Deploy.0 = Debug|Any CPU
		{F5D24724-9F4D-4A8B-9F19-042122EC8A43}.Ad-Hoc|iPhoneSimulator.ActiveCfg = Debug|Any CPU
		{F5D24724-9F4D-4A8B-9F19-042122EC8A43}.Ad-Hoc|iPhoneSimulator.Build.0 = Debug|Any CPU
		{F5D24724-9F4D-4A8B-9F19-042122EC8A43}.Ad-Hoc|iPhoneSimulator.Deploy.0 = Debug|Any CPU
		{F5D24724-9F4D-4A8B-9F19-042122EC8A43}.AppStore|Any CPU.ActiveCfg = Debug|Any CPU
		{F5D24724-9F4D-4A8B-9F19-042122EC8A43}.AppStore|Any CPU.Build.0 = Debug|Any CPU
		{F5D24724-9F4D-4A8B-9F19-042122EC8A43}.AppStore|Any CPU.Deploy.0 = Debug|Any CPU
		{F5D24724-9F4D-4A8B-9F19-042122EC8A43}.AppStore|iPhone.ActiveCfg = Debug|Any CPU
		{F5D24724-9F4D-4A8B-9F19-042122EC8A43}.AppStore|iPhone.Build.0 = Debug|Any CPU
		{F5D24724-9F4D-4A8B-9F19-042122EC8A43}.AppStore|iPhone.Deploy.0 = Debug|Any CPU
		{F5D24724-9F4D-4A8B-9F19-042122EC8A43}.AppStore|iPhoneSimulator.ActiveCfg = Debug|Any CPU
		{F5D24724-9F4D-4A8B-9F19-042122EC8A43}.AppStore|iPhoneSimulator.Build.0 = Debug|Any CPU
		{F5D24724-9F4D-4A8B-9F19-042122EC8A43}.AppStore|iPhoneSimulator.Deploy.0 = Debug|Any CPU
		{F5D24724-9F4D-4A8B-9F19-042122EC8A43}.Debug|Any CPU.ActiveCfg = Debug|Any CPU
		{F5D24724-9F4D-4A8B-9F19-042122EC8A43}.Debug|Any CPU.Build.0 = Debug|Any CPU
		{F5D24724-9F4D-4A8B-9F19-042122EC8A43}.Debug|Any CPU.Deploy.0 = Debug|Any CPU
		{F5D24724-9F4D-4A8B-9F19-042122EC8A43}.Debug|iPhone.ActiveCfg = Debug|Any CPU
		{F5D24724-9F4D-4A8B-9F19-042122EC8A43}.Debug|iPhone.Build.0 = Debug|Any CPU
		{F5D24724-9F4D-4A8B-9F19-042122EC8A43}.Debug|iPhone.Deploy.0 = Debug|Any CPU
		{F5D24724-9F4D-4A8B-9F19-042122EC8A43}.Debug|iPhoneSimulator.ActiveCfg = Debug|Any CPU
		{F5D24724-9F4D-4A8B-9F19-042122EC8A43}.Debug|iPhoneSimulator.Build.0 = Debug|Any CPU
		{F5D24724-9F4D-4A8B-9F19-042122EC8A43}.Debug|iPhoneSimulator.Deploy.0 = Debug|Any CPU
		{F5D24724-9F4D-4A8B-9F19-042122EC8A43}.Release|Any CPU.ActiveCfg = Release|Any CPU
		{F5D24724-9F4D-4A8B-9F19-042122EC8A43}.Release|Any CPU.Build.0 = Release|Any CPU
		{F5D24724-9F4D-4A8B-9F19-042122EC8A43}.Release|Any CPU.Deploy.0 = Release|Any CPU
		{F5D24724-9F4D-4A8B-9F19-042122EC8A43}.Release|iPhone.ActiveCfg = Release|Any CPU
		{F5D24724-9F4D-4A8B-9F19-042122EC8A43}.Release|iPhone.Build.0 = Release|Any CPU
		{F5D24724-9F4D-4A8B-9F19-042122EC8A43}.Release|iPhone.Deploy.0 = Release|Any CPU
		{F5D24724-9F4D-4A8B-9F19-042122EC8A43}.Release|iPhoneSimulator.ActiveCfg = Release|Any CPU
		{F5D24724-9F4D-4A8B-9F19-042122EC8A43}.Release|iPhoneSimulator.Build.0 = Release|Any CPU
		{F5D24724-9F4D-4A8B-9F19-042122EC8A43}.Release|iPhoneSimulator.Deploy.0 = Release|Any CPU
	EndGlobalSection
	GlobalSection(SolutionProperties) = preSolution
		HideSolutionNode = FALSE
	EndGlobalSection
	GlobalSection(ExtensibilityGlobals) = postSolution
		SolutionGuid = {F92E34B3-90F0-4BAB-8F8F-4D2392555CD0}
	EndGlobalSection
EndGlobal
